{
  "name": "print-js-app",
  "version": "1.0.0",
  "lockfileVersion": 2,
  "requires": true,
  "packages": {
    "": {
      "name": "print-js-app",
      "version": "1.0.0",
      "license": "ISC",
      "dependencies": {
        "@picocss/pico": "^1.5.7",
        "print-js": "^1.6.0"
      }
    },
    "node_modules/@picocss/pico": {
      "version": "1.5.7",
      "resolved": "https://registry.npmjs.org/@picocss/pico/-/pico-1.5.7.tgz",
      "integrity": "sha512-RygdXNlSXieAs9jMw/AeqA1ki1kldgEYbRn8BnYZIPfRTM5NWZ4uVzMK6uMPhYlRjoT5wD/OplZvIefnCqyDCQ=="
    },
    "node_modules/print-js": {
      "version": "1.6.0",
      "resolved": "https://registry.npmjs.org/print-js/-/print-js-1.6.0.tgz",
      "integrity": "sha512-BfnOIzSKbqGRtO4o0rnj/K3681BSd2QUrsIZy/+WdCIugjIswjmx3lDEZpXB2ruGf9d4b3YNINri81+J0FsBWg=="
    }
  },
  "dependencies": {
    "@picocss/pico": {
      "version": "1.5.7",
      "resolved": "https://registry.npmjs.org/@picocss/pico/-/pico-1.5.7.tgz",
      "integrity": "sha512-RygdXNlSXieAs9jMw/AeqA1ki1kldgEYbRn8BnYZIPfRTM5NWZ4uVzMK6uMPhYlRjoT5wD/OplZvIefnCqyDCQ=="
    },
    "print-js": {
      "version": "1.6.0",
      "resolved": "https://registry.npmjs.org/print-js/-/print-js-1.6.0.tgz",
      "integrity": "sha512-BfnOIzSKbqGRtO4o0rnj/K3681BSd2QUrsIZy/+WdCIugjIswjmx3lDEZpXB2ruGf9d4b3YNINri81+J0FsBWg=="
    }
  }
}
